{
  "name": "tadpoles-scraper",
  "version": "1.0.0",
  "lockfileVersion": 1,
  "requires": true,
  "dependencies": {
    "@types/tough-cookie": {
      "version": "2.3.3",
      "resolved": "https://registry.npmjs.org/@types/tough-cookie/-/tough-cookie-2.3.3.tgz",
      "integrity": "sha512-MDQLxNFRLasqS4UlkWMSACMKeSm1x4Q3TxzUC7KQUsh6RK1ZrQ0VEyE3yzXcBu+K8ejVj4wuX32eUG02yNp+YQ=="
    },
    "async-retry": {
      "version": "1.2.1",
      "resolved": "https://registry.npmjs.org/async-retry/-/async-retry-1.2.1.tgz",
      "integrity": "sha512-FadV8UDcyZDjzb6eV7MCJj0bfrNjwKw7/X0QHPFCbYP6T20FXgZCYXpJKlQC8RxEQP1E6Xs8pNHdh3bcrZAuAw==",
      "requires": {
        "retry": "0.10.1"
      }
    },
    "axios": {
      "version": "0.18.1",
      "resolved": "https://registry.npmjs.org/axios/-/axios-0.18.1.tgz",
      "integrity": "sha512-0BfJq4NSfQXd+SkFdrvFbG7addhYSBA2mQwISr46pD6E5iqkWg02RAs8vyTT/j0RTnoYmeXauBuSv1qKwR179g==",
      "requires": {
        "follow-redirects": "1.5.10",
        "is-buffer": "^2.0.2"
      }
    },
    "axios-cookiejar-support": {
      "version": "0.3.5",
      "resolved": "https://registry.npmjs.org/axios-cookiejar-support/-/axios-cookiejar-support-0.3.5.tgz",
      "integrity": "sha512-IZQf63DHoImfYz99RXyqXnHI/C6leTUcPoGrmCXYiemH19fg9Y8BnMEl085qgCxZqDOKGPfd55AUSk1vyW99XQ==",
      "requires": {
        "@types/tough-cookie": "^2.3.1",
        "is-redirect": "^1.0.0",
        "pify": "3.0.0",
        "tough-cookie": "2.3.4"
      }
    },
    "crc-32": {
      "version": "0.3.0",
      "resolved": "https://registry.npmjs.org/crc-32/-/crc-32-0.3.0.tgz",
      "integrity": "sha1-aj02h/W67EH36bmf4ZU6Ll0Zd14="
    },
    "crypto": {
      "version": "1.0.1",
      "resolved": "https://registry.npmjs.org/crypto/-/crypto-1.0.1.tgz",
      "integrity": "sha512-VxBKmeNcqQdiUQUW2Tzq0t377b54N2bMtXO/qiLa+6eRRmmC4qT3D4OnTGoT/U6O9aklQ/jTwbOtRMTTY8G0Ig=="
    },
    "debug": {
      "version": "3.1.0",
      "resolved": "https://registry.npmjs.org/debug/-/debug-3.1.0.tgz",
      "integrity": "sha512-OX8XqP7/1a9cqkxYw2yXss15f26NKWBpDXQd0/uK/KPqdQhxbPa994hnzjcE2VqQpDslf55723cKPUOGSmMY3g==",
      "requires": {
        "ms": "2.0.0"
      }
    },
    "decode-uri-component": {
      "version": "0.2.0",
      "resolved": "https://registry.npmjs.org/decode-uri-component/-/decode-uri-component-0.2.0.tgz",
      "integrity": "sha1-6zkTMzRYd1y4TNGh+uBiEGu4dUU="
    },
    "follow-redirects": {
      "version": "1.5.10",
      "resolved": "https://registry.npmjs.org/follow-redirects/-/follow-redirects-1.5.10.tgz",
      "integrity": "sha512-0V5l4Cizzvqt5D44aTXbFZz+FtyXV1vrDN6qrelxtfYQKW0KO0W2T/hkE8xvGa/540LkZlkaUjO4ailYTFtHVQ==",
      "requires": {
        "debug": "=3.1.0"
      }
    },
    "graceful-fs": {
      "version": "4.1.11",
      "resolved": "https://registry.npmjs.org/graceful-fs/-/graceful-fs-4.1.11.tgz",
      "integrity": "sha1-Dovf5NHduIVNZOBOp8AOKgJuVlg="
    },
    "imghdr": {
      "version": "0.1.6",
      "resolved": "https://registry.npmjs.org/imghdr/-/imghdr-0.1.6.tgz",
      "integrity": "sha1-kh9u7ox6u745RIqnWgUmOX/oQMo="
    },
    "is-buffer": {
      "version": "2.0.4",
      "resolved": "https://registry.npmjs.org/is-buffer/-/is-buffer-2.0.4.tgz",
      "integrity": "sha512-Kq1rokWXOPXWuaMAqZiJW4XxsmD9zGx9q4aePabbn3qCRGedtH7Cm+zV8WETitMfu1wdh+Rvd6w5egwSngUX2A=="
    },
    "is-redirect": {
      "version": "1.0.0",
      "resolved": "https://registry.npmjs.org/is-redirect/-/is-redirect-1.0.0.tgz",
      "integrity": "sha1-HQPd7VO9jbDzDCbk+V02/HyH3CQ="
    },
    "minimist": {
      "version": "1.2.6",
      "resolved": "https://registry.npmjs.org/minimist/-/minimist-1.2.6.tgz",
      "integrity": "sha512-Jsjnk4bw3YJqYzbdyBiNsPWHPfO++UGG749Cxs6peCu5Xg4nrena6OVxOYxrQTqww0Jmwt+Ref8rggumkTLz9Q=="
    },
    "mkdirp": {
      "version": "0.5.5",
      "resolved": "https://registry.npmjs.org/mkdirp/-/mkdirp-0.5.5.tgz",
      "integrity": "sha512-NKmAlESf6jMGym1++R0Ra7wvhV+wFW63FaSOFPwRahvea0gMUcGUhVeAg/0BC0wiv9ih5NYPB1Wn1UEI1/L+xQ==",
      "requires": {
        "minimist": "^1.2.5"
      }
    },
    "ms": {
      "version": "2.0.0",
      "resolved": "https://registry.npmjs.org/ms/-/ms-2.0.0.tgz",
      "integrity": "sha1-VgiurfwAvmwpAd9fmGF4jeDVl8g="
    },
    "node-addon-api": {
      "version": "3.0.2",
      "resolved": "https://registry.npmjs.org/node-addon-api/-/node-addon-api-3.0.2.tgz",
      "integrity": "sha512-+D4s2HCnxPd5PjjI0STKwncjXTUKKqm74MDMz9OPXavjsGmjkvwgLtA5yoxJUdmpj52+2u+RrXgPipahKczMKg=="
    },
    "piexifjs": {
      "version": "1.0.4",
      "resolved": "https://registry.npmjs.org/piexifjs/-/piexifjs-1.0.4.tgz",
      "integrity": "sha512-va6FOuTVWC2bbiC4WiKus8scuAWoqgM4XwnmtttKe3YkwakyqTvsYMyctkTZv9Ra/uK7EdjTlyIA2U8rSDuwOw=="
    },
    "pify": {
      "version": "3.0.0",
      "resolved": "https://registry.npmjs.org/pify/-/pify-3.0.0.tgz",
      "integrity": "sha1-5aSs0sEB/fPZpNB/DbxNtJ3SgXY="
    },
    "png-chunk-text": {
      "version": "1.0.0",
      "resolved": "https://registry.npmjs.org/png-chunk-text/-/png-chunk-text-1.0.0.tgz",
      "integrity": "sha1-HGAG2ONLpHHTjhycVLP1PhCF4Y8="
    },
    "png-chunks-encode": {
      "version": "1.0.0",
      "resolved": "https://registry.npmjs.org/png-chunks-encode/-/png-chunks-encode-1.0.0.tgz",
      "integrity": "sha1-2epeNcru7XgmWMGre6+npe2xqHg=",
      "requires": {
        "crc-32": "^0.3.0",
        "sliced": "^1.0.1"
      }
    },
    "png-chunks-extract": {
      "version": "1.0.0",
      "resolved": "https://registry.npmjs.org/png-chunks-extract/-/png-chunks-extract-1.0.0.tgz",
      "integrity": "sha1-+tSpBeZmUhlzUcZeNbksZDEeRy0=",
      "requires": {
        "crc-32": "^0.3.0"
      }
    },
    "punycode": {
      "version": "1.4.1",
      "resolved": "https://registry.npmjs.org/punycode/-/punycode-1.4.1.tgz",
      "integrity": "sha1-wNWmOycYgArY4esPpSachN1BhF4="
    },
    "query-string": {
      "version": "6.1.0",
      "resolved": "https://registry.npmjs.org/query-string/-/query-string-6.1.0.tgz",
      "integrity": "sha512-pNB/Gr8SA8ff8KpUFM36o/WFAlthgaThka5bV19AD9PNTH20Pwq5Zxodif2YyHwrctp6SkL4GqlOot0qR/wGaw==",
      "requires": {
        "decode-uri-component": "^0.2.0",
        "strict-uri-encode": "^2.0.0"
      }
    },
    "retry": {
      "version": "0.10.1",
      "resolved": "https://registry.npmjs.org/retry/-/retry-0.10.1.tgz",
      "integrity": "sha1-52OI0heZLCUnUCQdPTlW/tmNj/Q="
    },
    "sliced": {
      "version": "1.0.1",
      "resolved": "https://registry.npmjs.org/sliced/-/sliced-1.0.1.tgz",
      "integrity": "sha1-CzpmK10Ewxd7GSa+qCsD+Dei70E="
    },
    "strict-uri-encode": {
      "version": "2.0.0",
      "resolved": "https://registry.npmjs.org/strict-uri-encode/-/strict-uri-encode-2.0.0.tgz",
      "integrity": "sha1-ucczDHBChi9rFC3CdLvMWGbONUY="
    },
    "tough-cookie": {
      "version": "2.3.4",
      "resolved": "https://registry.npmjs.org/tough-cookie/-/tough-cookie-2.3.4.tgz",
      "integrity": "sha512-TZ6TTfI5NtZnuyy/Kecv+CnoROnyXn2DN97LontgQpCwsX2XyLYCC0ENhYkehSOwAp8rTQKc/NUIF7BkQ5rKLA==",
      "requires": {
        "punycode": "^1.4.1"
      }
    },
    "utimes": {
      "version": "4.0.2",
      "resolved": "https://registry.npmjs.org/utimes/-/utimes-4.0.2.tgz",
      "integrity": "sha512-mE/6X4v+EFbFr+n3jvAH92qc1FKe1t0WIHdUU+pZ8IjkZdJQU1qFS76KmxlfUTZXLyrwvHHmedtLbWXIxE32fw==",
      "requires": {
        "node-addon-api": "^3.0.2"
      }
    }
  }
}
